
Microsoft Visual Studio Solution File, Format Version 12.00
# Visual Studio Version 17
VisualStudioVersion = 17.9.34701.34
MinimumVisualStudioVersion = 10.0.40219.1
Project("{8BC9CEB8-8B4A-11D0-8D11-00A0C91BC942}") = "the third array is the smallest possible size", "the third array is the smallest possible size\the third array is the smallest possible size.vcxproj", "{0D72A027-B981-4EA9-AB01-F07CC9BA8014}"
EndProject
Global
	GlobalSection(SolutionConfigurationPlatforms) = preSolution
		Debug|x64 = Debug|x64
		Debug|x86 = Debug|x86
		Release|x64 = Release|x64
		Release|x86 = Release|x86
	EndGlobalSection
	GlobalSection(ProjectConfigurationPlatforms) = postSolution
		{0D72A027-B981-4EA9-AB01-F07CC9BA8014}.Debug|x64.ActiveCfg = Debug|x64
		{0D72A027-B981-4EA9-AB01-F07CC9BA8014}.Debug|x64.Build.0 = Debug|x64
		{0D72A027-B981-4EA9-AB01-F07CC9BA8014}.Debug|x86.ActiveCfg = Debug|Win32
		{0D72A027-B981-4EA9-AB01-F07CC9BA8014}.Debug|x86.Build.0 = Debug|Win32
		{0D72A027-B981-4EA9-AB01-F07CC9BA8014}.Release|x64.ActiveCfg = Release|x64
		{0D72A027-B981-4EA9-AB01-F07CC9BA8014}.Release|x64.Build.0 = Release|x64
		{0D72A027-B981-4EA9-AB01-F07CC9BA8014}.Release|x86.ActiveCfg = Release|Win32
		{0D72A027-B981-4EA9-AB01-F07CC9BA8014}.Release|x86.Build.0 = Release|Win32
	EndGlobalSection
	GlobalSection(SolutionProperties) = preSolution
		HideSolutionNode = FALSE
	EndGlobalSection
	GlobalSection(ExtensibilityGlobals) = postSolution
		SolutionGuid = {17E4FE5E-86B2-45B4-8971-6FC1E03C73AE}
	EndGlobalSection
EndGlobal
